
Microsoft Visual Studio Solution File, Format Version 12.00
Project("{FAE04EC0-301F-11D3-BF4B-00C04F79EFBC}") = "NCTLWebExplorer", ".\NCTLWebExplorer.csproj", "{03831E56-ED74-4257-8A0B-77B9A14BF979}"
EndProject
Project("{FAE04EC0-301F-11D3-BF4B-00C04F79EFBC}") = "Casper.Network.SDK.Web", "..\..\Casper.Network.SDK.Web\Casper.Network.SDK.Web.csproj", "{D49EE518-CB8F-497B-B239-860DCAC4A283}"
EndProject
Global
	GlobalSection(SolutionConfigurationPlatforms) = preSolution
		Debug|Any CPU = Debug|Any CPU
		Release|Any CPU = Release|Any CPU
	EndGlobalSection
	GlobalSection(ProjectConfigurationPlatforms) = postSolution
		{03831E56-ED74-4257-8A0B-77B9A14BF979}.Debug|Any CPU.ActiveCfg = Debug|Any CPU
		{03831E56-ED74-4257-8A0B-77B9A14BF979}.Debug|Any CPU.Build.0 = Debug|Any CPU
		{03831E56-ED74-4257-8A0B-77B9A14BF979}.Release|Any CPU.ActiveCfg = Release|Any CPU
		{03831E56-ED74-4257-8A0B-77B9A14BF979}.Release|Any CPU.Build.0 = Release|Any CPU
		{D49EE518-CB8F-497B-B239-860DCAC4A283}.Debug|Any CPU.ActiveCfg = Debug|Any CPU
		{D49EE518-CB8F-497B-B239-860DCAC4A283}.Debug|Any CPU.Build.0 = Debug|Any CPU
		{D49EE518-CB8F-497B-B239-860DCAC4A283}.Release|Any CPU.ActiveCfg = Release|Any CPU
		{D49EE518-CB8F-497B-B239-860DCAC4A283}.Release|Any CPU.Build.0 = Release|Any CPU
	EndGlobalSection
EndGlobal
