
Microsoft Visual Studio Solution File, Format Version 12.00
Project("{FAE04EC0-301F-11D3-BF4B-00C04F79EFBC}") = "Casper.Network.SDK.Web", "Casper.Network.SDK.Web\Casper.Network.SDK.Web.csproj", "{37AA642A-1C52-4CF6-B4AA-F412FA423E5B}"
EndProject
Project("{FAE04EC0-301F-11D3-BF4B-00C04F79EFBC}") = "Casper.Network.SDK.Web.Test", "Casper.Network.SDK.Web.Test\Casper.Network.SDK.Web.Test.csproj", "{7F8DE8F8-1717-4525-BF41-3AB8C2693AEA}"
EndProject
Global
	GlobalSection(SolutionConfigurationPlatforms) = preSolution
		Debug|Any CPU = Debug|Any CPU
		Release|Any CPU = Release|Any CPU
	EndGlobalSection
	GlobalSection(ProjectConfigurationPlatforms) = postSolution
		{37AA642A-1C52-4CF6-B4AA-F412FA423E5B}.Debug|Any CPU.ActiveCfg = Debug|Any CPU
		{37AA642A-1C52-4CF6-B4AA-F412FA423E5B}.Debug|Any CPU.Build.0 = Debug|Any CPU
		{37AA642A-1C52-4CF6-B4AA-F412FA423E5B}.Release|Any CPU.ActiveCfg = Release|Any CPU
		{37AA642A-1C52-4CF6-B4AA-F412FA423E5B}.Release|Any CPU.Build.0 = Release|Any CPU
		{7F8DE8F8-1717-4525-BF41-3AB8C2693AEA}.Debug|Any CPU.ActiveCfg = Debug|Any CPU
		{7F8DE8F8-1717-4525-BF41-3AB8C2693AEA}.Debug|Any CPU.Build.0 = Debug|Any CPU
		{7F8DE8F8-1717-4525-BF41-3AB8C2693AEA}.Release|Any CPU.ActiveCfg = Release|Any CPU
		{7F8DE8F8-1717-4525-BF41-3AB8C2693AEA}.Release|Any CPU.Build.0 = Release|Any CPU
	EndGlobalSection
EndGlobal
