
Microsoft Visual Studio Solution File, Format Version 12.00
Project("{FAE04EC0-301F-11D3-BF4B-00C04F79EFBC}") = "CasperERC20", "CasperERC20.csproj", "{03831E56-ED74-4257-8A0B-77B9A14BF979}"
EndProject
Project("{FAE04EC0-301F-11D3-BF4B-00C04F79EFBC}") = "Casper.Network.SDK.Web", "..\..\..\Casper.Network.SDK.Web\Casper.Network.SDK.Web.csproj", "{8FA04011-0F71-4B82-A4BE-FA1811E041F9}"
EndProject
Global
	GlobalSection(SolutionConfigurationPlatforms) = preSolution
		Debug|Any CPU = Debug|Any CPU
		Release|Any CPU = Release|Any CPU
	EndGlobalSection
	GlobalSection(ProjectConfigurationPlatforms) = postSolution
		{03831E56-ED74-4257-8A0B-77B9A14BF979}.Debug|Any CPU.ActiveCfg = Debug|Any CPU
		{03831E56-ED74-4257-8A0B-77B9A14BF979}.Debug|Any CPU.Build.0 = Debug|Any CPU
		{03831E56-ED74-4257-8A0B-77B9A14BF979}.Release|Any CPU.ActiveCfg = Release|Any CPU
		{03831E56-ED74-4257-8A0B-77B9A14BF979}.Release|Any CPU.Build.0 = Release|Any CPU
		{8FA04011-0F71-4B82-A4BE-FA1811E041F9}.Debug|Any CPU.ActiveCfg = Debug|Any CPU
		{8FA04011-0F71-4B82-A4BE-FA1811E041F9}.Debug|Any CPU.Build.0 = Debug|Any CPU
		{8FA04011-0F71-4B82-A4BE-FA1811E041F9}.Release|Any CPU.ActiveCfg = Release|Any CPU
		{8FA04011-0F71-4B82-A4BE-FA1811E041F9}.Release|Any CPU.Build.0 = Release|Any CPU
	EndGlobalSection
EndGlobal
